
Microsoft Visual Studio Solution File, Format Version 12.00
# Visual Studio 2017
Project("{FAE04EC0-301F-11D3-BF4B-00C04F79EFBC}") = "MovementWithGenes.Plugins", "MovementWithGenes.Plugins.csproj", "{843E951E-F96C-4C32-96B4-914A666ED5B6}"
EndProject
Project("{FAE04EC0-301F-11D3-BF4B-00C04F79EFBC}") = "MovementWithGenes", "MovementWithGenes.csproj", "{F511891F-2A13-9624-D8A9-622B89646B5C}"
EndProject
Project("{FAE04EC0-301F-11D3-BF4B-00C04F79EFBC}") = "MovementWithGenes.Editor.Plugins", "MovementWithGenes.Editor.Plugins.csproj", "{23545099-AAC5-5265-A1D8-DB25A8212775}"
EndProject
Global
	GlobalSection(SolutionConfigurationPlatforms) = preSolution
		Debug|Any CPU = Debug|Any CPU
		Release|Any CPU = Release|Any CPU
	EndGlobalSection
	GlobalSection(ProjectConfigurationPlatforms) = postSolution
		{843E951E-F96C-4C32-96B4-914A666ED5B6}.Debug|Any CPU.ActiveCfg = Debug|Any CPU
		{843E951E-F96C-4C32-96B4-914A666ED5B6}.Debug|Any CPU.Build.0 = Debug|Any CPU
		{843E951E-F96C-4C32-96B4-914A666ED5B6}.Release|Any CPU.ActiveCfg = Release|Any CPU
		{843E951E-F96C-4C32-96B4-914A666ED5B6}.Release|Any CPU.Build.0 = Release|Any CPU
		{F511891F-2A13-9624-D8A9-622B89646B5C}.Debug|Any CPU.ActiveCfg = Debug|Any CPU
		{F511891F-2A13-9624-D8A9-622B89646B5C}.Debug|Any CPU.Build.0 = Debug|Any CPU
		{F511891F-2A13-9624-D8A9-622B89646B5C}.Release|Any CPU.ActiveCfg = Release|Any CPU
		{F511891F-2A13-9624-D8A9-622B89646B5C}.Release|Any CPU.Build.0 = Release|Any CPU
		{23545099-AAC5-5265-A1D8-DB25A8212775}.Debug|Any CPU.ActiveCfg = Debug|Any CPU
		{23545099-AAC5-5265-A1D8-DB25A8212775}.Debug|Any CPU.Build.0 = Debug|Any CPU
		{23545099-AAC5-5265-A1D8-DB25A8212775}.Release|Any CPU.ActiveCfg = Release|Any CPU
		{23545099-AAC5-5265-A1D8-DB25A8212775}.Release|Any CPU.Build.0 = Release|Any CPU
	EndGlobalSection
	GlobalSection(SolutionProperties) = preSolution
		HideSolutionNode = FALSE
	EndGlobalSection
EndGlobal
