
Microsoft Visual Studio Solution File, Format Version 12.00
# Visual Studio 2017
Project("{FAE04EC0-301F-11D3-BF4B-00C04F79EFBC}") = "QLearning", "QLearning.csproj", "{34D3BB7B-FE80-25D2-A22A-F842E91C24AE}"
EndProject
Global
	GlobalSection(SolutionConfigurationPlatforms) = preSolution
		Debug|Any CPU = Debug|Any CPU
		Release|Any CPU = Release|Any CPU
	EndGlobalSection
	GlobalSection(ProjectConfigurationPlatforms) = postSolution
		{34D3BB7B-FE80-25D2-A22A-F842E91C24AE}.Debug|Any CPU.ActiveCfg = Debug|Any CPU
		{34D3BB7B-FE80-25D2-A22A-F842E91C24AE}.Debug|Any CPU.Build.0 = Debug|Any CPU
		{34D3BB7B-FE80-25D2-A22A-F842E91C24AE}.Release|Any CPU.ActiveCfg = Release|Any CPU
		{34D3BB7B-FE80-25D2-A22A-F842E91C24AE}.Release|Any CPU.Build.0 = Release|Any CPU
	EndGlobalSection
	GlobalSection(SolutionProperties) = preSolution
		HideSolutionNode = FALSE
	EndGlobalSection
EndGlobal
